
Microsoft Visual Studio Solution File, Format Version 12.00
# Visual Studio Version 16
VisualStudioVersion = 16.0.29905.134
MinimumVisualStudioVersion = 10.0.40219.1
Project("{FAE04EC0-301F-11D3-BF4B-00C04F79EFBC}") = "HKAssignment03", "HKAssignment03\HKAssignment03.csproj", "{65E1755A-2796-40EF-A6BD-F824067EE70B}"
EndProject
Project("{FAE04EC0-301F-11D3-BF4B-00C04F79EFBC}") = "ProjectA", "ProjectA\ProjectA.csproj", "{BE3ABBAA-8749-4D8C-B1FF-295DE93B53DA}"
EndProject
Project("{FAE04EC0-301F-11D3-BF4B-00C04F79EFBC}") = "ProjectB", "ProjectB\ProjectB.csproj", "{5BC27854-5765-45AF-B8DB-67ACD480F5B5}"
EndProject
Project("{FAE04EC0-301F-11D3-BF4B-00C04F79EFBC}") = "ProjectC", "ProjectC\ProjectC.csproj", "{CABE8547-0D6F-423D-A3E2-982D7E70C87E}"
EndProject
Global
	GlobalSection(SolutionConfigurationPlatforms) = preSolution
		Debug|Any CPU = Debug|Any CPU
		Release|Any CPU = Release|Any CPU
	EndGlobalSection
	GlobalSection(ProjectConfigurationPlatforms) = postSolution
		{65E1755A-2796-40EF-A6BD-F824067EE70B}.Debug|Any CPU.ActiveCfg = Debug|Any CPU
		{65E1755A-2796-40EF-A6BD-F824067EE70B}.Debug|Any CPU.Build.0 = Debug|Any CPU
		{65E1755A-2796-40EF-A6BD-F824067EE70B}.Release|Any CPU.ActiveCfg = Release|Any CPU
		{65E1755A-2796-40EF-A6BD-F824067EE70B}.Release|Any CPU.Build.0 = Release|Any CPU
		{BE3ABBAA-8749-4D8C-B1FF-295DE93B53DA}.Debug|Any CPU.ActiveCfg = Debug|Any CPU
		{BE3ABBAA-8749-4D8C-B1FF-295DE93B53DA}.Debug|Any CPU.Build.0 = Debug|Any CPU
		{BE3ABBAA-8749-4D8C-B1FF-295DE93B53DA}.Release|Any CPU.ActiveCfg = Release|Any CPU
		{BE3ABBAA-8749-4D8C-B1FF-295DE93B53DA}.Release|Any CPU.Build.0 = Release|Any CPU
		{5BC27854-5765-45AF-B8DB-67ACD480F5B5}.Debug|Any CPU.ActiveCfg = Debug|Any CPU
		{5BC27854-5765-45AF-B8DB-67ACD480F5B5}.Debug|Any CPU.Build.0 = Debug|Any CPU
		{5BC27854-5765-45AF-B8DB-67ACD480F5B5}.Release|Any CPU.ActiveCfg = Release|Any CPU
		{5BC27854-5765-45AF-B8DB-67ACD480F5B5}.Release|Any CPU.Build.0 = Release|Any CPU
		{CABE8547-0D6F-423D-A3E2-982D7E70C87E}.Debug|Any CPU.ActiveCfg = Debug|Any CPU
		{CABE8547-0D6F-423D-A3E2-982D7E70C87E}.Debug|Any CPU.Build.0 = Debug|Any CPU
		{CABE8547-0D6F-423D-A3E2-982D7E70C87E}.Release|Any CPU.ActiveCfg = Release|Any CPU
		{CABE8547-0D6F-423D-A3E2-982D7E70C87E}.Release|Any CPU.Build.0 = Release|Any CPU
	EndGlobalSection
	GlobalSection(SolutionProperties) = preSolution
		HideSolutionNode = FALSE
	EndGlobalSection
	GlobalSection(ExtensibilityGlobals) = postSolution
		SolutionGuid = {A6364543-BF4E-42D8-8191-906A6CF11228}
	EndGlobalSection
EndGlobal
